
Microsoft Visual Studio Solution File, Format Version 12.00
# Visual Studio Version 17
VisualStudioVersion = 17.13.35818.85
MinimumVisualStudioVersion = 10.0.40219.1
Project("{8BC9CEB8-8B4A-11D0-8D11-00A0C91BC942}") = "ProjectMPointer", "ProjectMPointer\ProjectMPointer.vcxproj", "{595E246E-CC22-40F4-B804-B463874042CA}"
EndProject
Project("{2150E333-8FDC-42A3-9474-1A3956D46DE8}") = "Peticiones", "Peticiones", "{02EA681E-C7D8-13C7-8484-4AC65E1B71E8}"
EndProject
Global
	GlobalSection(SolutionConfigurationPlatforms) = preSolution
		Debug|x64 = Debug|x64
		Debug|x86 = Debug|x86
		Release|x64 = Release|x64
		Release|x86 = Release|x86
	EndGlobalSection
	GlobalSection(ProjectConfigurationPlatforms) = postSolution
		{595E246E-CC22-40F4-B804-B463874042CA}.Debug|x64.ActiveCfg = Debug|x64
		{595E246E-CC22-40F4-B804-B463874042CA}.Debug|x64.Build.0 = Debug|x64
		{595E246E-CC22-40F4-B804-B463874042CA}.Debug|x86.ActiveCfg = Debug|Win32
		{595E246E-CC22-40F4-B804-B463874042CA}.Debug|x86.Build.0 = Debug|Win32
		{595E246E-CC22-40F4-B804-B463874042CA}.Release|x64.ActiveCfg = Release|x64
		{595E246E-CC22-40F4-B804-B463874042CA}.Release|x64.Build.0 = Release|x64
		{595E246E-CC22-40F4-B804-B463874042CA}.Release|x86.ActiveCfg = Release|Win32
		{595E246E-CC22-40F4-B804-B463874042CA}.Release|x86.Build.0 = Release|Win32
	EndGlobalSection
	GlobalSection(SolutionProperties) = preSolution
		HideSolutionNode = FALSE
	EndGlobalSection
	GlobalSection(ExtensibilityGlobals) = postSolution
		SolutionGuid = {14EB60BE-784F-486D-9810-AA595F0C7E16}
	EndGlobalSection
EndGlobal
